
Microsoft Visual Studio Solution File, Format Version 11.00
# Visual Studio Version 16

Project("{8BC9CEB8-8B4A-11D0-8D11-00A0C91BC942}") = "ModDelayLinePhaser - Standalone Plugin", "ModDelayLinePhaser_StandalonePlugin.vcxproj", "{10590077-BA46-7CEC-F37C-2DA5E84EFD71}"
	ProjectSection(ProjectDependencies) = postProject
		{9E226443-ACB0-89C7-C42A-48484F547C19} = {9E226443-ACB0-89C7-C42A-48484F547C19}
	EndProjectSection
EndProject
Project("{8BC9CEB8-8B4A-11D0-8D11-00A0C91BC942}") = "ModDelayLinePhaser - VST3", "ModDelayLinePhaser_VST3.vcxproj", "{6835BD1B-6259-1E85-DCBB-6015518C0572}"
	ProjectSection(ProjectDependencies) = postProject
		{9E226443-ACB0-89C7-C42A-48484F547C19} = {9E226443-ACB0-89C7-C42A-48484F547C19}
	EndProjectSection
EndProject
Project("{8BC9CEB8-8B4A-11D0-8D11-00A0C91BC942}") = "ModDelayLinePhaser - Shared Code", "ModDelayLinePhaser_SharedCode.vcxproj", "{9E226443-ACB0-89C7-C42A-48484F547C19}"
EndProject
Global
	GlobalSection(SolutionConfigurationPlatforms) = preSolution
		Debug|x64 = Debug|x64
		Release|x64 = Release|x64
	EndGlobalSection
	GlobalSection(ProjectConfigurationPlatforms) = postSolution
		{6835BD1B-6259-1E85-DCBB-6015518C0572}.Debug|x64.ActiveCfg = Debug|x64
		{6835BD1B-6259-1E85-DCBB-6015518C0572}.Debug|x64.Build.0 = Debug|x64
		{6835BD1B-6259-1E85-DCBB-6015518C0572}.Release|x64.ActiveCfg = Release|x64
		{6835BD1B-6259-1E85-DCBB-6015518C0572}.Release|x64.Build.0 = Release|x64
		{10590077-BA46-7CEC-F37C-2DA5E84EFD71}.Debug|x64.ActiveCfg = Debug|x64
		{10590077-BA46-7CEC-F37C-2DA5E84EFD71}.Debug|x64.Build.0 = Debug|x64
		{10590077-BA46-7CEC-F37C-2DA5E84EFD71}.Release|x64.ActiveCfg = Release|x64
		{10590077-BA46-7CEC-F37C-2DA5E84EFD71}.Release|x64.Build.0 = Release|x64
		{9E226443-ACB0-89C7-C42A-48484F547C19}.Debug|x64.ActiveCfg = Debug|x64
		{9E226443-ACB0-89C7-C42A-48484F547C19}.Debug|x64.Build.0 = Debug|x64
		{9E226443-ACB0-89C7-C42A-48484F547C19}.Release|x64.ActiveCfg = Release|x64
		{9E226443-ACB0-89C7-C42A-48484F547C19}.Release|x64.Build.0 = Release|x64
	EndGlobalSection
	GlobalSection(SolutionProperties) = preSolution
		HideSolutionNode = FALSE
	EndGlobalSection
EndGlobal
